
Microsoft Visual Studio Solution File, Format Version 12.00
# Visual Studio Version 16
VisualStudioVersion = 16.0.32929.386
MinimumVisualStudioVersion = 10.0.40219.1
Project("{FAE04EC0-301F-11D3-BF4B-00C04F79EFBC}") = "01. SingleInheritance", "01. SingleInheritance\01. SingleInheritance.csproj", "{1E6BD795-D6C2-4371-8923-93DE3BC4BE71}"
EndProject
Project("{FAE04EC0-301F-11D3-BF4B-00C04F79EFBC}") = "02. ReusingClasses", "02. ReusingClasses\02. ReusingClasses.csproj", "{472606E6-3DB6-4228-88FA-2A0A3F13E5F8}"
EndProject
Project("{FAE04EC0-301F-11D3-BF4B-00C04F79EFBC}") = "Ex01. PersonProblem", "Ex01. PersonProblem\Ex01. PersonProblem.csproj", "{50E67351-F01E-40B2-BF2D-2B1B46367D38}"
EndProject
Project("{FAE04EC0-301F-11D3-BF4B-00C04F79EFBC}") = "Ex02. BookShop", "Ex02. BookShop\Ex02. BookShop.csproj", "{714E1E7C-23F7-470F-89DA-F7F12CE5559E}"
EndProject
Project("{FAE04EC0-301F-11D3-BF4B-00C04F79EFBC}") = "Ex03. Mankind", "Ex03. Mankind\Ex03. Mankind.csproj", "{349E622C-C0C0-42EC-A89D-6737E17372BF}"
EndProject
Project("{FAE04EC0-301F-11D3-BF4B-00C04F79EFBC}") = "Ex04. OnlineRadioDatabase", "Ex04. OnlineRadioDatabase\Ex04. OnlineRadioDatabase.csproj", "{DAA0E997-1642-4B16-AA62-C2EA644C3A40}"
EndProject
Project("{FAE04EC0-301F-11D3-BF4B-00C04F79EFBC}") = "Ex06. Animals", "Ex06. Animals\Ex06. Animals.csproj", "{53A4A67C-81A3-4E35-9023-AD76FC5FD91D}"
EndProject
Global
	GlobalSection(SolutionConfigurationPlatforms) = preSolution
		Debug|Any CPU = Debug|Any CPU
		Release|Any CPU = Release|Any CPU
	EndGlobalSection
	GlobalSection(ProjectConfigurationPlatforms) = postSolution
		{1E6BD795-D6C2-4371-8923-93DE3BC4BE71}.Debug|Any CPU.ActiveCfg = Debug|Any CPU
		{1E6BD795-D6C2-4371-8923-93DE3BC4BE71}.Debug|Any CPU.Build.0 = Debug|Any CPU
		{1E6BD795-D6C2-4371-8923-93DE3BC4BE71}.Release|Any CPU.ActiveCfg = Release|Any CPU
		{1E6BD795-D6C2-4371-8923-93DE3BC4BE71}.Release|Any CPU.Build.0 = Release|Any CPU
		{472606E6-3DB6-4228-88FA-2A0A3F13E5F8}.Debug|Any CPU.ActiveCfg = Debug|Any CPU
		{472606E6-3DB6-4228-88FA-2A0A3F13E5F8}.Debug|Any CPU.Build.0 = Debug|Any CPU
		{472606E6-3DB6-4228-88FA-2A0A3F13E5F8}.Release|Any CPU.ActiveCfg = Release|Any CPU
		{472606E6-3DB6-4228-88FA-2A0A3F13E5F8}.Release|Any CPU.Build.0 = Release|Any CPU
		{50E67351-F01E-40B2-BF2D-2B1B46367D38}.Debug|Any CPU.ActiveCfg = Debug|Any CPU
		{50E67351-F01E-40B2-BF2D-2B1B46367D38}.Debug|Any CPU.Build.0 = Debug|Any CPU
		{50E67351-F01E-40B2-BF2D-2B1B46367D38}.Release|Any CPU.ActiveCfg = Release|Any CPU
		{50E67351-F01E-40B2-BF2D-2B1B46367D38}.Release|Any CPU.Build.0 = Release|Any CPU
		{714E1E7C-23F7-470F-89DA-F7F12CE5559E}.Debug|Any CPU.ActiveCfg = Debug|Any CPU
		{714E1E7C-23F7-470F-89DA-F7F12CE5559E}.Debug|Any CPU.Build.0 = Debug|Any CPU
		{714E1E7C-23F7-470F-89DA-F7F12CE5559E}.Release|Any CPU.ActiveCfg = Release|Any CPU
		{714E1E7C-23F7-470F-89DA-F7F12CE5559E}.Release|Any CPU.Build.0 = Release|Any CPU
		{349E622C-C0C0-42EC-A89D-6737E17372BF}.Debug|Any CPU.ActiveCfg = Debug|Any CPU
		{349E622C-C0C0-42EC-A89D-6737E17372BF}.Debug|Any CPU.Build.0 = Debug|Any CPU
		{349E622C-C0C0-42EC-A89D-6737E17372BF}.Release|Any CPU.ActiveCfg = Release|Any CPU
		{349E622C-C0C0-42EC-A89D-6737E17372BF}.Release|Any CPU.Build.0 = Release|Any CPU
		{DAA0E997-1642-4B16-AA62-C2EA644C3A40}.Debug|Any CPU.ActiveCfg = Debug|Any CPU
		{DAA0E997-1642-4B16-AA62-C2EA644C3A40}.Debug|Any CPU.Build.0 = Debug|Any CPU
		{DAA0E997-1642-4B16-AA62-C2EA644C3A40}.Release|Any CPU.ActiveCfg = Release|Any CPU
		{DAA0E997-1642-4B16-AA62-C2EA644C3A40}.Release|Any CPU.Build.0 = Release|Any CPU
		{53A4A67C-81A3-4E35-9023-AD76FC5FD91D}.Debug|Any CPU.ActiveCfg = Debug|Any CPU
		{53A4A67C-81A3-4E35-9023-AD76FC5FD91D}.Debug|Any CPU.Build.0 = Debug|Any CPU
		{53A4A67C-81A3-4E35-9023-AD76FC5FD91D}.Release|Any CPU.ActiveCfg = Release|Any CPU
		{53A4A67C-81A3-4E35-9023-AD76FC5FD91D}.Release|Any CPU.Build.0 = Release|Any CPU
	EndGlobalSection
	GlobalSection(SolutionProperties) = preSolution
		HideSolutionNode = FALSE
	EndGlobalSection
	GlobalSection(ExtensibilityGlobals) = postSolution
		SolutionGuid = {4195E445-95AD-491A-BC10-FD86147850FB}
	EndGlobalSection
EndGlobal
