
Microsoft Visual Studio Solution File, Format Version 12.00
# Visual Studio Version 16
VisualStudioVersion = 16.0.32929.386
MinimumVisualStudioVersion = 10.0.40219.1
Project("{FAE04EC0-301F-11D3-BF4B-00C04F79EFBC}") = "01. BoxOfT", "01. BoxOfT\01. BoxOfT.csproj", "{7FDCCCB5-FDEA-492A-A366-A69D74F638F1}"
EndProject
Project("{FAE04EC0-301F-11D3-BF4B-00C04F79EFBC}") = "BoxOfT_Tests", "BoxOfT_Tests\BoxOfT_Tests.csproj", "{6E5E55E5-8813-466C-A575-CBB6C92A06B7}"
EndProject
Project("{FAE04EC0-301F-11D3-BF4B-00C04F79EFBC}") = "02. GenericArrayCreator", "02. GenericArrayCreator\02. GenericArrayCreator.csproj", "{6E045421-9F7E-481B-9526-22FD3996F611}"
EndProject
Global
	GlobalSection(SolutionConfigurationPlatforms) = preSolution
		Debug|Any CPU = Debug|Any CPU
		Release|Any CPU = Release|Any CPU
	EndGlobalSection
	GlobalSection(ProjectConfigurationPlatforms) = postSolution
		{7FDCCCB5-FDEA-492A-A366-A69D74F638F1}.Debug|Any CPU.ActiveCfg = Debug|Any CPU
		{7FDCCCB5-FDEA-492A-A366-A69D74F638F1}.Debug|Any CPU.Build.0 = Debug|Any CPU
		{7FDCCCB5-FDEA-492A-A366-A69D74F638F1}.Release|Any CPU.ActiveCfg = Release|Any CPU
		{7FDCCCB5-FDEA-492A-A366-A69D74F638F1}.Release|Any CPU.Build.0 = Release|Any CPU
		{6E5E55E5-8813-466C-A575-CBB6C92A06B7}.Debug|Any CPU.ActiveCfg = Debug|Any CPU
		{6E5E55E5-8813-466C-A575-CBB6C92A06B7}.Debug|Any CPU.Build.0 = Debug|Any CPU
		{6E5E55E5-8813-466C-A575-CBB6C92A06B7}.Release|Any CPU.ActiveCfg = Release|Any CPU
		{6E5E55E5-8813-466C-A575-CBB6C92A06B7}.Release|Any CPU.Build.0 = Release|Any CPU
		{6E045421-9F7E-481B-9526-22FD3996F611}.Debug|Any CPU.ActiveCfg = Debug|Any CPU
		{6E045421-9F7E-481B-9526-22FD3996F611}.Debug|Any CPU.Build.0 = Debug|Any CPU
		{6E045421-9F7E-481B-9526-22FD3996F611}.Release|Any CPU.ActiveCfg = Release|Any CPU
		{6E045421-9F7E-481B-9526-22FD3996F611}.Release|Any CPU.Build.0 = Release|Any CPU
	EndGlobalSection
	GlobalSection(SolutionProperties) = preSolution
		HideSolutionNode = FALSE
	EndGlobalSection
	GlobalSection(ExtensibilityGlobals) = postSolution
		SolutionGuid = {AD1A667A-85CD-40A6-A4F8-1973FD03C45B}
	EndGlobalSection
EndGlobal
